{
  "version": 4,
  "terraform_version": "1.2.9",
  "serial": 38,
  "lineage": "77e93d3d-9a46-6b43-e019-f87996f9bc87",
  "outputs": {},
  "resources": [
    {
      "module": "module.frontdoor",
      "mode": "managed",
      "type": "azurerm_frontdoor",
      "name": "main",
      "provider": "module.frontdoor.provider[\"registry.terraform.io/hashicorp/azurerm\"]",
      "instances": [
        {
          "schema_version": 2,
          "attributes": {
            "backend_pool": [
              {
                "backend": [
                  {
                    "address": "www.bing.com",
                    "enabled": true,
                    "host_header": "www.bing.com",
                    "http_port": 80,
                    "https_port": 443,
                    "priority": 1,
                    "weight": 50
                  }
                ],
                "health_probe_name": "exampleHealthProbeSetting1",
                "id": "/subscriptions/a51e74cf-273f-42d2-9a16-0cb5e5f7ef42/resourceGroups/rg-shared-westeurope-01/providers/Microsoft.Network/frontDoors/example-frontdoor51/backendPools/exampleBackendBing",
                "load_balancing_name": "exampleLoadBalancingSettings1",
                "name": "exampleBackendBing"
              }
            ],
            "backend_pool_health_probe": [
              {
                "enabled": true,
                "id": "/subscriptions/a51e74cf-273f-42d2-9a16-0cb5e5f7ef42/resourceGroups/rg-shared-westeurope-01/providers/Microsoft.Network/frontDoors/example-frontdoor51/healthProbeSettings/exampleHealthProbeSetting1",
                "interval_in_seconds": 120,
                "name": "exampleHealthProbeSetting1",
                "path": "/",
                "probe_method": "GET",
                "protocol": "Http"
              }
            ],
            "backend_pool_health_probes": {
              "exampleHealthProbeSetting1": "/subscriptions/a51e74cf-273f-42d2-9a16-0cb5e5f7ef42/resourceGroups/rg-shared-westeurope-01/providers/Microsoft.Network/frontDoors/example-frontdoor51/healthProbeSettings/exampleHealthProbeSetting1"
            },
            "backend_pool_load_balancing": [
              {
                "additional_latency_milliseconds": 0,
                "id": "/subscriptions/a51e74cf-273f-42d2-9a16-0cb5e5f7ef42/resourceGroups/rg-shared-westeurope-01/providers/Microsoft.Network/frontDoors/example-frontdoor51/loadBalancingSettings/exampleLoadBalancingSettings1",
                "name": "exampleLoadBalancingSettings1",
                "sample_size": 4,
                "successful_samples_required": 2
              }
            ],
            "backend_pool_load_balancing_settings": {
              "exampleLoadBalancingSettings1": "/subscriptions/a51e74cf-273f-42d2-9a16-0cb5e5f7ef42/resourceGroups/rg-shared-westeurope-01/providers/Microsoft.Network/frontDoors/example-frontdoor51/loadBalancingSettings/exampleLoadBalancingSettings1"
            },
            "backend_pool_settings": [
              {
                "backend_pools_send_receive_timeout_seconds": 0,
                "enforce_backend_pools_certificate_name_check": false
              }
            ],
            "backend_pools": {
              "exampleBackendBing": "/subscriptions/a51e74cf-273f-42d2-9a16-0cb5e5f7ef42/resourceGroups/rg-shared-westeurope-01/providers/Microsoft.Network/frontDoors/example-frontdoor51/backendPools/exampleBackendBing"
            },
            "cname": "example-frontdoor51.azurefd.net",
            "explicit_resource_order": [
              {
                "backend_pool_health_probe_ids": [
                  "/subscriptions/a51e74cf-273f-42d2-9a16-0cb5e5f7ef42/resourceGroups/rg-shared-westeurope-01/providers/Microsoft.Network/frontDoors/example-frontdoor51/healthProbeSettings/exampleHealthProbeSetting1"
                ],
                "backend_pool_ids": [
                  "/subscriptions/a51e74cf-273f-42d2-9a16-0cb5e5f7ef42/resourceGroups/rg-shared-westeurope-01/providers/Microsoft.Network/frontDoors/example-frontdoor51/backendPools/exampleBackendBing"
                ],
                "backend_pool_load_balancing_ids": [
                  "/subscriptions/a51e74cf-273f-42d2-9a16-0cb5e5f7ef42/resourceGroups/rg-shared-westeurope-01/providers/Microsoft.Network/frontDoors/example-frontdoor51/loadBalancingSettings/exampleLoadBalancingSettings1"
                ],
                "frontend_endpoint_ids": [
                  "/subscriptions/a51e74cf-273f-42d2-9a16-0cb5e5f7ef42/resourceGroups/rg-shared-westeurope-01/providers/Microsoft.Network/frontDoors/example-frontdoor51/frontendEndpoints/exampleFrontendEndpoint1"
                ],
                "routing_rule_ids": [
                  "/subscriptions/a51e74cf-273f-42d2-9a16-0cb5e5f7ef42/resourceGroups/rg-shared-westeurope-01/providers/Microsoft.Network/frontDoors/example-frontdoor51/routingRules/exampleRoutingRule1"
                ]
              }
            ],
            "friendly_name": "",
            "frontend_endpoint": [
              {
                "host_name": "example-frontdoor51.azurefd.net",
                "id": "/subscriptions/a51e74cf-273f-42d2-9a16-0cb5e5f7ef42/resourceGroups/rg-shared-westeurope-01/providers/Microsoft.Network/frontDoors/example-frontdoor51/frontendEndpoints/exampleFrontendEndpoint1",
                "name": "exampleFrontendEndpoint1",
                "session_affinity_enabled": false,
                "session_affinity_ttl_seconds": 0,
                "web_application_firewall_policy_link_id": ""
              }
            ],
            "frontend_endpoints": {
              "exampleFrontendEndpoint1": "/subscriptions/a51e74cf-273f-42d2-9a16-0cb5e5f7ef42/resourceGroups/rg-shared-westeurope-01/providers/Microsoft.Network/frontDoors/example-frontdoor51/frontendEndpoints/exampleFrontendEndpoint1"
            },
            "header_frontdoor_id": "8f33a37f-3758-41be-bf49-be9add7ea36f",
            "id": "/subscriptions/a51e74cf-273f-42d2-9a16-0cb5e5f7ef42/resourceGroups/rg-shared-westeurope-01/providers/Microsoft.Network/frontDoors/example-frontdoor51",
            "load_balancer_enabled": true,
            "name": "example-frontdoor51",
            "resource_group_name": "rg-shared-westeurope-01",
            "routing_rule": [
              {
                "accepted_protocols": [
                  "Http",
                  "Https"
                ],
                "enabled": true,
                "forwarding_configuration": [
                  {
                    "backend_pool_name": "exampleBackendBing",
                    "cache_duration": "",
                    "cache_enabled": false,
                    "cache_query_parameter_strip_directive": "StripAll",
                    "cache_query_parameters": null,
                    "cache_use_dynamic_compression": false,
                    "custom_forwarding_path": "",
                    "forwarding_protocol": "MatchRequest"
                  }
                ],
                "frontend_endpoints": [
                  "exampleFrontendEndpoint1"
                ],
                "id": "/subscriptions/a51e74cf-273f-42d2-9a16-0cb5e5f7ef42/resourceGroups/rg-shared-westeurope-01/providers/Microsoft.Network/frontDoors/example-frontdoor51/routingRules/exampleRoutingRule1",
                "name": "exampleRoutingRule1",
                "patterns_to_match": [
                  "/*"
                ],
                "redirect_configuration": []
              }
            ],
            "routing_rules": {
              "exampleRoutingRule1": "/subscriptions/a51e74cf-273f-42d2-9a16-0cb5e5f7ef42/resourceGroups/rg-shared-westeurope-01/providers/Microsoft.Network/frontDoors/example-frontdoor51/routingRules/exampleRoutingRule1"
            },
            "tags": null,
            "timeouts": null
          },
          "sensitive_attributes": [],
          "private": "eyJlMmJmYjczMC1lY2FhLTExZTYtOGY4OC0zNDM2M2JjN2M0YzAiOnsiY3JlYXRlIjoyMTYwMDAwMDAwMDAwMCwiZGVsZXRlIjoyMTYwMDAwMDAwMDAwMCwicmVhZCI6MzAwMDAwMDAwMDAwLCJ1cGRhdGUiOjIxNjAwMDAwMDAwMDAwfSwic2NoZW1hX3ZlcnNpb24iOiIyIn0=",
          "dependencies": [
            "module.frontdoor.azurerm_frontdoor_firewall_policy.main"
          ]
        }
      ]
    },
    {
      "module": "module.frontdoor",
      "mode": "managed",
      "type": "azurerm_monitor_diagnostic_setting",
      "name": "fd-diag",
      "provider": "module.frontdoor.provider[\"registry.terraform.io/hashicorp/azurerm\"]",
      "instances": [
        {
          "schema_version": 0,
          "attributes": {
            "eventhub_authorization_rule_id": "",
            "eventhub_name": "",
            "id": "/subscriptions/a51e74cf-273f-42d2-9a16-0cb5e5f7ef42/resourceGroups/rg-shared-westeurope-01/providers/Microsoft.Network/frontDoors/example-frontdoor51|example-frontdoor51-diag",
            "log": [
              {
                "category": "FrontdoorAccessLog",
                "category_group": "",
                "enabled": true,
                "retention_policy": [
                  {
                    "days": 0,
                    "enabled": false
                  }
                ]
              },
              {
                "category": "FrontdoorWebApplicationFirewallLog",
                "category_group": "",
                "enabled": true,
                "retention_policy": [
                  {
                    "days": 0,
                    "enabled": false
                  }
                ]
              }
            ],
            "log_analytics_destination_type": "",
            "log_analytics_workspace_id": "",
            "metric": [
              {
                "category": "AllMetrics",
                "enabled": true,
                "retention_policy": [
                  {
                    "days": 0,
                    "enabled": false
                  }
                ]
              }
            ],
            "name": "example-frontdoor51-diag",
            "storage_account_id": "/subscriptions/a51e74cf-273f-42d2-9a16-0cb5e5f7ef42/resourceGroups/rg-shared-westeurope-01/providers/Microsoft.Storage/storageAccounts/anshustorage123",
            "target_resource_id": "/subscriptions/a51e74cf-273f-42d2-9a16-0cb5e5f7ef42/resourceGroups/rg-shared-westeurope-01/providers/Microsoft.Network/frontDoors/example-frontdoor51",
            "timeouts": null
          },
          "sensitive_attributes": [],
          "private": "eyJlMmJmYjczMC1lY2FhLTExZTYtOGY4OC0zNDM2M2JjN2M0YzAiOnsiY3JlYXRlIjoxODAwMDAwMDAwMDAwLCJkZWxldGUiOjM2MDAwMDAwMDAwMDAsInJlYWQiOjMwMDAwMDAwMDAwMCwidXBkYXRlIjoxODAwMDAwMDAwMDAwfX0=",
          "dependencies": [
            "module.frontdoor.azurerm_frontdoor.main",
            "module.frontdoor.azurerm_frontdoor_firewall_policy.main",
            "module.frontdoor.azurerm_resource_group.rg",
            "module.frontdoor.azurerm_storage_account.example"
          ]
        }
      ]
    },
    {
      "module": "module.frontdoor",
      "mode": "managed",
      "type": "azurerm_resource_group",
      "name": "rg",
      "provider": "module.frontdoor.provider[\"registry.terraform.io/hashicorp/azurerm\"]",
      "instances": [
        {
          "index_key": 0,
          "schema_version": 0,
          "attributes": {
            "id": "/subscriptions/a51e74cf-273f-42d2-9a16-0cb5e5f7ef42/resourceGroups/rg-shared-westeurope-01",
            "location": "westeurope",
            "name": "rg-shared-westeurope-01",
            "tags": {},
            "timeouts": null
          },
          "sensitive_attributes": [],
          "private": "eyJlMmJmYjczMC1lY2FhLTExZTYtOGY4OC0zNDM2M2JjN2M0YzAiOnsiY3JlYXRlIjo1NDAwMDAwMDAwMDAwLCJkZWxldGUiOjU0MDAwMDAwMDAwMDAsInJlYWQiOjMwMDAwMDAwMDAwMCwidXBkYXRlIjo1NDAwMDAwMDAwMDAwfX0="
        }
      ]
    },
    {
      "module": "module.frontdoor",
      "mode": "managed",
      "type": "azurerm_storage_account",
      "name": "example",
      "provider": "module.frontdoor.provider[\"registry.terraform.io/hashicorp/azurerm\"]",
      "instances": [
        {
          "schema_version": 3,
          "attributes": {
            "access_tier": "Hot",
            "account_kind": "StorageV2",
            "account_replication_type": "GRS",
            "account_tier": "Standard",
            "allow_nested_items_to_be_public": true,
            "azure_files_authentication": [],
            "blob_properties": [
              {
                "change_feed_enabled": false,
                "change_feed_retention_in_days": 0,
                "container_delete_retention_policy": [],
                "cors_rule": [],
                "default_service_version": "",
                "delete_retention_policy": [],
                "last_access_time_enabled": false,
                "versioning_enabled": false
              }
            ],
            "cross_tenant_replication_enabled": true,
            "custom_domain": [],
            "customer_managed_key": [],
            "default_to_oauth_authentication": false,
            "edge_zone": "",
            "enable_https_traffic_only": true,
            "id": "/subscriptions/a51e74cf-273f-42d2-9a16-0cb5e5f7ef42/resourceGroups/rg-shared-westeurope-01/providers/Microsoft.Storage/storageAccounts/anshustorage123",
            "identity": [],
            "infrastructure_encryption_enabled": false,
            "is_hns_enabled": false,
            "large_file_share_enabled": null,
            "location": "westeurope",
            "min_tls_version": "TLS1_2",
            "name": "anshustorage123",
            "network_rules": [
              {
                "bypass": [
                  "AzureServices"
                ],
                "default_action": "Allow",
                "ip_rules": [],
                "private_link_access": [],
                "virtual_network_subnet_ids": []
              }
            ],
            "nfsv3_enabled": false,
            "primary_access_key": "hkGmKCufnQ/Pr8uwC30kOltERZhpYpM/q7pkSRSKoRVZvaA2jhB7jsKBBAUMJD6p/kb6qBQY/uq4+ASt1i8yWg==",
            "primary_blob_connection_string": "DefaultEndpointsProtocol=https;BlobEndpoint=https://anshustorage123.blob.core.windows.net/;AccountName=anshustorage123;AccountKey=hkGmKCufnQ/Pr8uwC30kOltERZhpYpM/q7pkSRSKoRVZvaA2jhB7jsKBBAUMJD6p/kb6qBQY/uq4+ASt1i8yWg==",
            "primary_blob_endpoint": "https://anshustorage123.blob.core.windows.net/",
            "primary_blob_host": "anshustorage123.blob.core.windows.net",
            "primary_connection_string": "DefaultEndpointsProtocol=https;AccountName=anshustorage123;AccountKey=hkGmKCufnQ/Pr8uwC30kOltERZhpYpM/q7pkSRSKoRVZvaA2jhB7jsKBBAUMJD6p/kb6qBQY/uq4+ASt1i8yWg==;EndpointSuffix=core.windows.net",
            "primary_dfs_endpoint": "https://anshustorage123.dfs.core.windows.net/",
            "primary_dfs_host": "anshustorage123.dfs.core.windows.net",
            "primary_file_endpoint": "https://anshustorage123.file.core.windows.net/",
            "primary_file_host": "anshustorage123.file.core.windows.net",
            "primary_location": "westeurope",
            "primary_queue_endpoint": "https://anshustorage123.queue.core.windows.net/",
            "primary_queue_host": "anshustorage123.queue.core.windows.net",
            "primary_table_endpoint": "https://anshustorage123.table.core.windows.net/",
            "primary_table_host": "anshustorage123.table.core.windows.net",
            "primary_web_endpoint": "https://anshustorage123.z6.web.core.windows.net/",
            "primary_web_host": "anshustorage123.z6.web.core.windows.net",
            "public_network_access_enabled": true,
            "queue_encryption_key_type": "Service",
            "queue_properties": [
              {
                "cors_rule": [],
                "hour_metrics": [
                  {
                    "enabled": true,
                    "include_apis": true,
                    "retention_policy_days": 7,
                    "version": "1.0"
                  }
                ],
                "logging": [
                  {
                    "delete": false,
                    "read": false,
                    "retention_policy_days": 0,
                    "version": "1.0",
                    "write": false
                  }
                ],
                "minute_metrics": [
                  {
                    "enabled": false,
                    "include_apis": false,
                    "retention_policy_days": 0,
                    "version": "1.0"
                  }
                ]
              }
            ],
            "resource_group_name": "rg-shared-westeurope-01",
            "routing": [],
            "secondary_access_key": "WrKOpV1j2uxM+EUVVN2iE9hsIkn+msQ2HNCtMSi99BOmg79tOGb/qsCUZE5zIl8RAIBAVk3WEAvI+ASthOQFQQ==",
            "secondary_blob_connection_string": "",
            "secondary_blob_endpoint": null,
            "secondary_blob_host": null,
            "secondary_connection_string": "DefaultEndpointsProtocol=https;AccountName=anshustorage123;AccountKey=WrKOpV1j2uxM+EUVVN2iE9hsIkn+msQ2HNCtMSi99BOmg79tOGb/qsCUZE5zIl8RAIBAVk3WEAvI+ASthOQFQQ==;EndpointSuffix=core.windows.net",
            "secondary_dfs_endpoint": null,
            "secondary_dfs_host": null,
            "secondary_file_endpoint": null,
            "secondary_file_host": null,
            "secondary_location": "northeurope",
            "secondary_queue_endpoint": null,
            "secondary_queue_host": null,
            "secondary_table_endpoint": null,
            "secondary_table_host": null,
            "secondary_web_endpoint": null,
            "secondary_web_host": null,
            "share_properties": [
              {
                "cors_rule": [],
                "retention_policy": [
                  {
                    "days": 7
                  }
                ],
                "smb": []
              }
            ],
            "shared_access_key_enabled": true,
            "static_website": [],
            "table_encryption_key_type": "Service",
            "tags": null,
            "timeouts": null
          },
          "sensitive_attributes": [],
          "private": "eyJlMmJmYjczMC1lY2FhLTExZTYtOGY4OC0zNDM2M2JjN2M0YzAiOnsiY3JlYXRlIjozNjAwMDAwMDAwMDAwLCJkZWxldGUiOjM2MDAwMDAwMDAwMDAsInJlYWQiOjMwMDAwMDAwMDAwMCwidXBkYXRlIjozNjAwMDAwMDAwMDAwfSwic2NoZW1hX3ZlcnNpb24iOiIzIn0=",
          "dependencies": [
            "module.frontdoor.azurerm_resource_group.rg"
          ]
        }
      ]
    }
  ]
}
